
Microsoft Visual Studio Solution File, Format Version 12.00
# Visual Studio Version 17
VisualStudioVersion = 17.12.35707.178 d17.12
MinimumVisualStudioVersion = 10.0.40219.1
Project("{FAE04EC0-301F-11D3-BF4B-00C04F79EFBC}") = "ScrubJay.Reflection", "src\ScrubJay.Reflection.csproj", "{BAA89E9A-6ED6-4F5B-860D-80F86F1544DF}"
EndProject
Project("{FAE04EC0-301F-11D3-BF4B-00C04F79EFBC}") = "ConsoleApp", "ConsoleApp\ConsoleApp.csproj", "{68ECCC8C-683E-4149-941C-24DD2F41CE95}"
EndProject
Project("{FAE04EC0-301F-11D3-BF4B-00C04F79EFBC}") = "ScrubJay.Reflection.OLD", "ScrubJay.Reflection.OLD\ScrubJay.Reflection.OLD.csproj", "{49578D69-75CD-459C-8DC3-910DFC517E88}"
EndProject
Project("{FAE04EC0-301F-11D3-BF4B-00C04F79EFBC}") = "ScrubJay.Reflection.Tests", "tests\ScrubJay.Reflection.Tests.csproj", "{579288F7-6EB0-46C2-8480-8DFAE74AD7E1}"
EndProject
Project("{FAE04EC0-301F-11D3-BF4B-00C04F79EFBC}") = "ScrubJay.Sigil", "Sigil\ScrubJay.Sigil.csproj", "{B641B252-6553-4515-8BB7-A8E1F4D40C61}"
EndProject
Project("{FAE04EC0-301F-11D3-BF4B-00C04F79EFBC}") = "SigilTests", "SigilTests\SigilTests.csproj", "{ED44B8C4-F210-4CEA-8396-9F9A078405E1}"
EndProject
Global
	GlobalSection(SolutionConfigurationPlatforms) = preSolution
		Debug|Any CPU = Debug|Any CPU
		Release|Any CPU = Release|Any CPU
	EndGlobalSection
	GlobalSection(ProjectConfigurationPlatforms) = postSolution
		{BAA89E9A-6ED6-4F5B-860D-80F86F1544DF}.Debug|Any CPU.ActiveCfg = Debug|Any CPU
		{BAA89E9A-6ED6-4F5B-860D-80F86F1544DF}.Debug|Any CPU.Build.0 = Debug|Any CPU
		{BAA89E9A-6ED6-4F5B-860D-80F86F1544DF}.Release|Any CPU.ActiveCfg = Release|Any CPU
		{BAA89E9A-6ED6-4F5B-860D-80F86F1544DF}.Release|Any CPU.Build.0 = Release|Any CPU
		{68ECCC8C-683E-4149-941C-24DD2F41CE95}.Debug|Any CPU.ActiveCfg = Debug|Any CPU
		{68ECCC8C-683E-4149-941C-24DD2F41CE95}.Debug|Any CPU.Build.0 = Debug|Any CPU
		{68ECCC8C-683E-4149-941C-24DD2F41CE95}.Release|Any CPU.ActiveCfg = Release|Any CPU
		{68ECCC8C-683E-4149-941C-24DD2F41CE95}.Release|Any CPU.Build.0 = Release|Any CPU
		{49578D69-75CD-459C-8DC3-910DFC517E88}.Debug|Any CPU.ActiveCfg = Debug|Any CPU
		{49578D69-75CD-459C-8DC3-910DFC517E88}.Debug|Any CPU.Build.0 = Debug|Any CPU
		{49578D69-75CD-459C-8DC3-910DFC517E88}.Release|Any CPU.ActiveCfg = Release|Any CPU
		{49578D69-75CD-459C-8DC3-910DFC517E88}.Release|Any CPU.Build.0 = Release|Any CPU
		{579288F7-6EB0-46C2-8480-8DFAE74AD7E1}.Debug|Any CPU.ActiveCfg = Debug|Any CPU
		{579288F7-6EB0-46C2-8480-8DFAE74AD7E1}.Debug|Any CPU.Build.0 = Debug|Any CPU
		{579288F7-6EB0-46C2-8480-8DFAE74AD7E1}.Release|Any CPU.ActiveCfg = Release|Any CPU
		{579288F7-6EB0-46C2-8480-8DFAE74AD7E1}.Release|Any CPU.Build.0 = Release|Any CPU
		{B641B252-6553-4515-8BB7-A8E1F4D40C61}.Debug|Any CPU.ActiveCfg = Debug|Any CPU
		{B641B252-6553-4515-8BB7-A8E1F4D40C61}.Debug|Any CPU.Build.0 = Debug|Any CPU
		{B641B252-6553-4515-8BB7-A8E1F4D40C61}.Release|Any CPU.ActiveCfg = Release|Any CPU
		{B641B252-6553-4515-8BB7-A8E1F4D40C61}.Release|Any CPU.Build.0 = Release|Any CPU
		{ED44B8C4-F210-4CEA-8396-9F9A078405E1}.Debug|Any CPU.ActiveCfg = Debug|Any CPU
		{ED44B8C4-F210-4CEA-8396-9F9A078405E1}.Debug|Any CPU.Build.0 = Debug|Any CPU
		{ED44B8C4-F210-4CEA-8396-9F9A078405E1}.Release|Any CPU.ActiveCfg = Release|Any CPU
		{ED44B8C4-F210-4CEA-8396-9F9A078405E1}.Release|Any CPU.Build.0 = Release|Any CPU
	EndGlobalSection
	GlobalSection(SolutionProperties) = preSolution
		HideSolutionNode = FALSE
	EndGlobalSection
EndGlobal
